
Microsoft Visual Studio Solution File, Format Version 12.00
# Visual Studio Version 17
VisualStudioVersion = 17.5.002.0
MinimumVisualStudioVersion = 10.0.40219.1
Project("{2150E333-8FDC-42A3-9474-1A3956D46DE8}") = "AngularProject", "AngularProject", "{5B33BBAB-9190-41CE-9B68-DD4CE6B25A1A}"
EndProject
Project("{9A19103F-16F7-4668-BE54-9A1E7A4F7556}") = "JobSearch", "AngularProject\JobSearchServer\JobSearch.csproj", "{B6DED2FB-27D1-49D7-B457-3EE6F6617D84}"
EndProject
Global
	GlobalSection(SolutionConfigurationPlatforms) = preSolution
		Debug|Any CPU = Debug|Any CPU
		Release|Any CPU = Release|Any CPU
	EndGlobalSection
	GlobalSection(ProjectConfigurationPlatforms) = postSolution
		{B6DED2FB-27D1-49D7-B457-3EE6F6617D84}.Debug|Any CPU.ActiveCfg = Debug|Any CPU
		{B6DED2FB-27D1-49D7-B457-3EE6F6617D84}.Debug|Any CPU.Build.0 = Debug|Any CPU
		{B6DED2FB-27D1-49D7-B457-3EE6F6617D84}.Release|Any CPU.ActiveCfg = Release|Any CPU
		{B6DED2FB-27D1-49D7-B457-3EE6F6617D84}.Release|Any CPU.Build.0 = Release|Any CPU
	EndGlobalSection
	GlobalSection(SolutionProperties) = preSolution
		HideSolutionNode = FALSE
	EndGlobalSection
	GlobalSection(NestedProjects) = preSolution
		{B6DED2FB-27D1-49D7-B457-3EE6F6617D84} = {5B33BBAB-9190-41CE-9B68-DD4CE6B25A1A}
	EndGlobalSection
	GlobalSection(ExtensibilityGlobals) = postSolution
		SolutionGuid = {A1A88A5E-C62C-4C52-BFA9-2FE02B21ECFD}
	EndGlobalSection
EndGlobal
